
Microsoft Visual Studio Solution File, Format Version 12.00
# Visual Studio Version 17
VisualStudioVersion = 17.2.32516.85
MinimumVisualStudioVersion = 10.0.40219.1
Project("{FAE04EC0-301F-11D3-BF4B-00C04F79EFBC}") = "Task2", "Task2\Task2.csproj", "{25D5260E-F416-4D7E-831E-B460C36FB360}"
EndProject
Global
	GlobalSection(SolutionConfigurationPlatforms) = preSolution
		Debug|Any CPU = Debug|Any CPU
		Release|Any CPU = Release|Any CPU
	EndGlobalSection
	GlobalSection(ProjectConfigurationPlatforms) = postSolution
		{25D5260E-F416-4D7E-831E-B460C36FB360}.Debug|Any CPU.ActiveCfg = Debug|Any CPU
		{25D5260E-F416-4D7E-831E-B460C36FB360}.Debug|Any CPU.Build.0 = Debug|Any CPU
		{25D5260E-F416-4D7E-831E-B460C36FB360}.Release|Any CPU.ActiveCfg = Release|Any CPU
		{25D5260E-F416-4D7E-831E-B460C36FB360}.Release|Any CPU.Build.0 = Release|Any CPU
	EndGlobalSection
	GlobalSection(SolutionProperties) = preSolution
		HideSolutionNode = FALSE
	EndGlobalSection
	GlobalSection(ExtensibilityGlobals) = postSolution
		SolutionGuid = {DACA992B-4ACD-4EB3-928F-6FD76B503492}
	EndGlobalSection
EndGlobal
